{
  "name": "ft_transcendence",
  "lockfileVersion": 3,
  "requires": true,
  "packages": {
    "": {
      "dependencies": {
        "@next/font": "^13.5.4"
      }
    },
    "node_modules/@next/font": {
      "version": "13.5.4",
      "resolved": "https://registry.npmjs.org/@next/font/-/font-13.5.4.tgz",
      "integrity": "sha512-rOMki1/9BP9N93RZABiiF0EidMGgyCvNVSKvLLAnMkVh/IYk4Z827+NRuxCyRQCeT3vv/AeCiP5SFPAP10SPrQ=="
    }
  }
}
